
Microsoft Visual Studio Solution File, Format Version 12.00
# Visual Studio Version 16
VisualStudioVersion = 16.0.30907.101
MinimumVisualStudioVersion = 10.0.40219.1
Project("{FAE04EC0-301F-11D3-BF4B-00C04F79EFBC}") = "BethanysPieShop", "BethanysPieShop\BethanysPieShop.csproj", "{E32C9F7C-7607-4B03-8AFD-97B6B4CC2041}"
EndProject
Global
	GlobalSection(SolutionConfigurationPlatforms) = preSolution
		Debug|Any CPU = Debug|Any CPU
		Release|Any CPU = Release|Any CPU
	EndGlobalSection
	GlobalSection(ProjectConfigurationPlatforms) = postSolution
		{E32C9F7C-7607-4B03-8AFD-97B6B4CC2041}.Debug|Any CPU.ActiveCfg = Debug|Any CPU
		{E32C9F7C-7607-4B03-8AFD-97B6B4CC2041}.Debug|Any CPU.Build.0 = Debug|Any CPU
		{E32C9F7C-7607-4B03-8AFD-97B6B4CC2041}.Release|Any CPU.ActiveCfg = Release|Any CPU
		{E32C9F7C-7607-4B03-8AFD-97B6B4CC2041}.Release|Any CPU.Build.0 = Release|Any CPU
	EndGlobalSection
	GlobalSection(SolutionProperties) = preSolution
		HideSolutionNode = FALSE
	EndGlobalSection
	GlobalSection(ExtensibilityGlobals) = postSolution
		SolutionGuid = {56AC6847-C4CB-4DC6-9F89-E0D8943760BF}
	EndGlobalSection
EndGlobal
